Microsoft Visual Studio Solution File, Format Version 12.00
# Visual Studio Version 17
VisualStudioVersion = 17.0.31903.59
MinimumVisualStudioVersion = 10.0.40219.1
Project("{FAE04EC0-301F-11D3-BF4B-00C04F79EFBC}") = "TextureCreator.Core", "src\TextureCreator.Core\TextureCreator.Core.csproj", "{BEA60714-4184-4A1D-8528-B20844AB2F66}"
EndProject
Project("{FAE04EC0-301F-11D3-BF4B-00C04F79EFBC}") = "TextureCreator.App", "src\TextureCreator.App\TextureCreator.App.csproj", "{7620BB21-9C26-4F18-A008-8B27C0494208}"
EndProject
Project("{FAE04EC0-301F-11D3-BF4B-00C04F79EFBC}") = "TextureCreator.Tests", "tests\TextureCreator.Tests\TextureCreator.Tests.csproj", "{1E4A7988-B5E4-4744-A08C-C3BF71F8096C}"
EndProject
Global
	GlobalSection(SolutionConfigurationPlatforms) = preSolution
		Debug|Any CPU = Debug|Any CPU
		Release|Any CPU = Release|Any CPU
	EndGlobalSection
	GlobalSection(ProjectConfigurationPlatforms) = postSolution
		{BEA60714-4184-4A1D-8528-B20844AB2F66}.Debug|Any CPU.ActiveCfg = Debug|Any CPU
		{BEA60714-4184-4A1D-8528-B20844AB2F66}.Debug|Any CPU.Build.0 = Debug|Any CPU
		{BEA60714-4184-4A1D-8528-B20844AB2F66}.Release|Any CPU.ActiveCfg = Release|Any CPU
		{BEA60714-4184-4A1D-8528-B20844AB2F66}.Release|Any CPU.Build.0 = Release|Any CPU
		{7620BB21-9C26-4F18-A008-8B27C0494208}.Debug|Any CPU.ActiveCfg = Debug|Any CPU
		{7620BB21-9C26-4F18-A008-8B27C0494208}.Debug|Any CPU.Build.0 = Debug|Any CPU
		{7620BB21-9C26-4F18-A008-8B27C0494208}.Release|Any CPU.ActiveCfg = Release|Any CPU
		{7620BB21-9C26-4F18-A008-8B27C0494208}.Release|Any CPU.Build.0 = Release|Any CPU
		{1E4A7988-B5E4-4744-A08C-C3BF71F8096C}.Debug|Any CPU.ActiveCfg = Debug|Any CPU
		{1E4A7988-B5E4-4744-A08C-C3BF71F8096C}.Debug|Any CPU.Build.0 = Debug|Any CPU
		{1E4A7988-B5E4-4744-A08C-C3BF71F8096C}.Release|Any CPU.ActiveCfg = Release|Any CPU
		{1E4A7988-B5E4-4744-A08C-C3BF71F8096C}.Release|Any CPU.Build.0 = Release|Any CPU
	EndGlobalSection
EndGlobal

